
Microsoft Visual Studio Solution File, Format Version 12.00
# Visual Studio 14
VisualStudioVersion = 14.0.25420.1
MinimumVisualStudioVersion = 10.0.40219.1
Project("{9A19103F-16F7-4668-BE54-9A1E7A4F7556}") = "AmbientContext.DateTimeService", "src\AmbientContext.DateTimeService\AmbientContext.DateTimeService.csproj", "{0FD27872-D0EA-4338-812C-B37AB948F971}"
EndProject
Project("{2150E333-8FDC-42A3-9474-1A3956D46DE8}") = "Solution Items", "Solution Items", "{916BB2B8-7C5F-4EEF-94CC-576DB6A2822A}"
	ProjectSection(SolutionItems) = preProject
		.gitignore = .gitignore
		appveyor.yml = appveyor.yml
		build.cake = build.cake
		Build.ps1 = Build.ps1
		GitVersion.yml = GitVersion.yml
		LICENSE.md = LICENSE.md
		README.md = README.md
	EndProjectSection
EndProject
Global
	GlobalSection(SolutionConfigurationPlatforms) = preSolution
		Debug|Any CPU = Debug|Any CPU
		Release|Any CPU = Release|Any CPU
	EndGlobalSection
	GlobalSection(ProjectConfigurationPlatforms) = postSolution
		{0FD27872-D0EA-4338-812C-B37AB948F971}.Debug|Any CPU.ActiveCfg = Debug|Any CPU
		{0FD27872-D0EA-4338-812C-B37AB948F971}.Debug|Any CPU.Build.0 = Debug|Any CPU
		{0FD27872-D0EA-4338-812C-B37AB948F971}.Release|Any CPU.ActiveCfg = Release|Any CPU
		{0FD27872-D0EA-4338-812C-B37AB948F971}.Release|Any CPU.Build.0 = Release|Any CPU
	EndGlobalSection
	GlobalSection(SolutionProperties) = preSolution
		HideSolutionNode = FALSE
	EndGlobalSection
	GlobalSection(ExtensibilityGlobals) = postSolution
		SolutionGuid = {560A2659-665B-4E9E-9C76-E01551AE5968}
	EndGlobalSection
EndGlobal
